
Microsoft Visual Studio Solution File, Format Version 12.00
# Visual Studio Version 17
VisualStudioVersion = 17.9.34701.34
MinimumVisualStudioVersion = 10.0.40219.1
Project("{9A19103F-16F7-4668-BE54-9A1E7A4F7556}") = "Empleados prueba form", "Empleados prueba form.csproj", "{C012421C-AE95-4AB6-ABD1-5D37D1C43A48}"
EndProject
Global
	GlobalSection(SolutionConfigurationPlatforms) = preSolution
		Debug|Any CPU = Debug|Any CPU
		Release|Any CPU = Release|Any CPU
	EndGlobalSection
	GlobalSection(ProjectConfigurationPlatforms) = postSolution
		{C012421C-AE95-4AB6-ABD1-5D37D1C43A48}.Debug|Any CPU.ActiveCfg = Debug|Any CPU
		{C012421C-AE95-4AB6-ABD1-5D37D1C43A48}.Debug|Any CPU.Build.0 = Debug|Any CPU
		{C012421C-AE95-4AB6-ABD1-5D37D1C43A48}.Release|Any CPU.ActiveCfg = Release|Any CPU
		{C012421C-AE95-4AB6-ABD1-5D37D1C43A48}.Release|Any CPU.Build.0 = Release|Any CPU
	EndGlobalSection
	GlobalSection(SolutionProperties) = preSolution
		HideSolutionNode = FALSE
	EndGlobalSection
	GlobalSection(ExtensibilityGlobals) = postSolution
		SolutionGuid = {0BA46773-4588-453C-BC81-025A184976E8}
	EndGlobalSection
EndGlobal
